
Microsoft Visual Studio Solution File, Format Version 11.00
# Visual Studio 2010
Project("{8BC9CEB8-8B4A-11D0-8D11-00A0C91BC942}") = "panama_lmm", "panama_lmm.vcxproj", "{BD595A0D-2A11-6F6F-2A73-6E7C89CC6F16}"
EndProject
Global
	GlobalSection(SolutionConfigurationPlatforms) = preSolution
		Debug|Win32 = Debug|Win32
		Release|Win32 = Release|Win32
	EndGlobalSection
	GlobalSection(ProjectConfigurationPlatforms) = postSolution
		{BD595A0D-2A11-6F6F-2A73-6E7C89CC6F16}.Debug|Win32.ActiveCfg = Release|Win32
		{BD595A0D-2A11-6F6F-2A73-6E7C89CC6F16}.Debug|Win32.Build.0 = Release|Win32
		{BD595A0D-2A11-6F6F-2A73-6E7C89CC6F16}.Release|Win32.ActiveCfg = Release|Win32
		{BD595A0D-2A11-6F6F-2A73-6E7C89CC6F16}.Release|Win32.Build.0 = Release|Win32
	EndGlobalSection
	GlobalSection(SolutionProperties) = preSolution
		HideSolutionNode = FALSE
	EndGlobalSection
EndGlobal
